
Microsoft Visual Studio Solution File, Format Version 12.00
Project("{FAE04EC0-301F-11D3-BF4B-00C04F79EFBC}") = "DotNetDays2023Bookstore.API", "DotNetDays2023Bookstore.API\DotNetDays2023Bookstore.API.csproj", "{4D2EE3E4-476A-43C8-90CE-7848FA5C7279}"
EndProject
Project("{FAE04EC0-301F-11D3-BF4B-00C04F79EFBC}") = "DotNetDays2023Bookstore.API.UnitTests", "DotNetDays2023Bookstore.API.UnitTests\DotNetDays2023Bookstore.API.UnitTests.csproj", "{607D2E19-9021-4B0B-98ED-5D6AEF329B0D}"
EndProject
Project("{FAE04EC0-301F-11D3-BF4B-00C04F79EFBC}") = "DotNetDays2023Bookstore.IntegrationTests", "DotNetDays2023Bookstore.IntegrationTests\DotNetDays2023Bookstore.IntegrationTests.csproj", "{E364076F-3885-4351-B9B0-B881DCEDD8B9}"
EndProject
Project("{FAE04EC0-301F-11D3-BF4B-00C04F79EFBC}") = "DotNetDays2023Bookstore.Database", "DotNetDays2023Bookstore.Database\DotNetDays2023Bookstore.Database.csproj", "{794EBB9F-8362-45B0-AE2C-33D2C8AAB123}"
EndProject
Global
	GlobalSection(SolutionConfigurationPlatforms) = preSolution
		Debug|Any CPU = Debug|Any CPU
		Release|Any CPU = Release|Any CPU
	EndGlobalSection
	GlobalSection(ProjectConfigurationPlatforms) = postSolution
		{4D2EE3E4-476A-43C8-90CE-7848FA5C7279}.Debug|Any CPU.ActiveCfg = Debug|Any CPU
		{4D2EE3E4-476A-43C8-90CE-7848FA5C7279}.Debug|Any CPU.Build.0 = Debug|Any CPU
		{4D2EE3E4-476A-43C8-90CE-7848FA5C7279}.Release|Any CPU.ActiveCfg = Release|Any CPU
		{4D2EE3E4-476A-43C8-90CE-7848FA5C7279}.Release|Any CPU.Build.0 = Release|Any CPU
		{607D2E19-9021-4B0B-98ED-5D6AEF329B0D}.Debug|Any CPU.ActiveCfg = Debug|Any CPU
		{607D2E19-9021-4B0B-98ED-5D6AEF329B0D}.Debug|Any CPU.Build.0 = Debug|Any CPU
		{607D2E19-9021-4B0B-98ED-5D6AEF329B0D}.Release|Any CPU.ActiveCfg = Release|Any CPU
		{607D2E19-9021-4B0B-98ED-5D6AEF329B0D}.Release|Any CPU.Build.0 = Release|Any CPU
		{E364076F-3885-4351-B9B0-B881DCEDD8B9}.Debug|Any CPU.ActiveCfg = Debug|Any CPU
		{E364076F-3885-4351-B9B0-B881DCEDD8B9}.Debug|Any CPU.Build.0 = Debug|Any CPU
		{E364076F-3885-4351-B9B0-B881DCEDD8B9}.Release|Any CPU.ActiveCfg = Release|Any CPU
		{E364076F-3885-4351-B9B0-B881DCEDD8B9}.Release|Any CPU.Build.0 = Release|Any CPU
		{794EBB9F-8362-45B0-AE2C-33D2C8AAB123}.Debug|Any CPU.ActiveCfg = Debug|Any CPU
		{794EBB9F-8362-45B0-AE2C-33D2C8AAB123}.Debug|Any CPU.Build.0 = Debug|Any CPU
		{794EBB9F-8362-45B0-AE2C-33D2C8AAB123}.Release|Any CPU.ActiveCfg = Release|Any CPU
		{794EBB9F-8362-45B0-AE2C-33D2C8AAB123}.Release|Any CPU.Build.0 = Release|Any CPU
	EndGlobalSection
EndGlobal
